
Microsoft Visual Studio Solution File, Format Version 12.00
# Visual Studio 15
VisualStudioVersion = 15.0.28307.1800
MinimumVisualStudioVersion = 10.0.40219.1
Project("{FAE04EC0-301F-11D3-BF4B-00C04F79EFBC}") = "SATProject.UI.MVC", "12SATProject\SATProject.UI.MVC.csproj", "{0007609C-9B41-4CD2-898A-353C4B14BCC4}"
EndProject
Global
	GlobalSection(SolutionConfigurationPlatforms) = preSolution
		Debug|Any CPU = Debug|Any CPU
		Release|Any CPU = Release|Any CPU
	EndGlobalSection
	GlobalSection(ProjectConfigurationPlatforms) = postSolution
		{0007609C-9B41-4CD2-898A-353C4B14BCC4}.Debug|Any CPU.ActiveCfg = Debug|Any CPU
		{0007609C-9B41-4CD2-898A-353C4B14BCC4}.Debug|Any CPU.Build.0 = Debug|Any CPU
		{0007609C-9B41-4CD2-898A-353C4B14BCC4}.Release|Any CPU.ActiveCfg = Release|Any CPU
		{0007609C-9B41-4CD2-898A-353C4B14BCC4}.Release|Any CPU.Build.0 = Release|Any CPU
	EndGlobalSection
	GlobalSection(SolutionProperties) = preSolution
		HideSolutionNode = FALSE
	EndGlobalSection
	GlobalSection(ExtensibilityGlobals) = postSolution
		SolutionGuid = {FFF76AC0-24A9-45FE-AF4C-B48F14CB51CC}
	EndGlobalSection
EndGlobal
